
Microsoft Visual Studio Solution File, Format Version 12.00
# Visual Studio Version 17
VisualStudioVersion = 17.11.35327.3
MinimumVisualStudioVersion = 10.0.40219.1
Project("{9A19103F-16F7-4668-BE54-9A1E7A4F7556}") = "Tachufind", "Tachufind.csproj", "{E80AE9DA-B159-4CF4-B347-AF6F5CE8DCFD}"
EndProject
Global
	GlobalSection(SolutionConfigurationPlatforms) = preSolution
		Debug|Any CPU = Debug|Any CPU
		Release|Any CPU = Release|Any CPU
	EndGlobalSection
	GlobalSection(ProjectConfigurationPlatforms) = postSolution
		{E80AE9DA-B159-4CF4-B347-AF6F5CE8DCFD}.Debug|Any CPU.ActiveCfg = Debug|Any CPU
		{E80AE9DA-B159-4CF4-B347-AF6F5CE8DCFD}.Debug|Any CPU.Build.0 = Debug|Any CPU
		{E80AE9DA-B159-4CF4-B347-AF6F5CE8DCFD}.Release|Any CPU.ActiveCfg = Release|Any CPU
		{E80AE9DA-B159-4CF4-B347-AF6F5CE8DCFD}.Release|Any CPU.Build.0 = Release|Any CPU
	EndGlobalSection
	GlobalSection(SolutionProperties) = preSolution
		HideSolutionNode = FALSE
	EndGlobalSection
	GlobalSection(ExtensibilityGlobals) = postSolution
		SolutionGuid = {E2A010FB-94B9-4E27-8A06-34D36F9FDB1A}
	EndGlobalSection
EndGlobal
